lockfileVersion: '9.0'

settings:
  autoInstallPeers: true
  excludeLinksFromLockfile: false

importers:

  .:
    dependencies:
      '@tabler/icons':
        specifier: ^3.41.1
        version: 3.41.1

packages:

  '@tabler/icons@3.41.1':
    resolution: {integrity: sha512-OaRnVbRmH2nHtFeg+RmMJ/7m2oBIF9XCJAUD5gQnMrpK9f05ydj8MZrAf3NZQqOXyxGN1UBL0D5IKLLEUfr74Q==}

snapshots:

  '@tabler/icons@3.41.1': {}
